// !$*UTF8*$!
{
	archiveVersion = 1;
	classes = {
	};
	objectVersion = 46;
	objects = {

/* Begin PBXBuildFile section */
		873412E91EAE4D8700F3383C /* PersonalScheduleVC.swift in Sources */ = {isa = PBXBuildFile; fileRef = 873412E81EAE4D8700F3383C /* PersonalScheduleVC.swift */; };
		873412EC1EAE4E4200F3383C /* PersonalScheduleDataSource.swift in Sources */ = {isa = PBXBuildFile; fileRef = 873412EB1EAE4E4200F3383C /* PersonalScheduleDataSource.swift */; };
		873412EE1EAE4F2A00F3383C /* PersonalScheduleCell.swift in Sources */ = {isa = PBXBuildFile; fileRef = 873412ED1EAE4F2A00F3383C /* PersonalScheduleCell.swift */; };
		87345A201EB3C53600E9B4B6 /* SettingsVC.swift in Sources */ = {isa = PBXBuildFile; fileRef = 87345A1F1EB3C53600E9B4B6 /* SettingsVC.swift */; };
		8736BDEC1EA5394100078436 /* BreakoutCell.swift in Sources */ = {isa = PBXBuildFile; fileRef = 8736BDEB1EA5394100078436 /* BreakoutCell.swift */; };
		8744DA731E92F9890088B8F9 /* AppViewController.swift in Sources */ = {isa = PBXBuildFile; fileRef = 8744DA721E92F9890088B8F9 /* AppViewController.swift */; };
		8744DA771E92FC220088B8F9 /* AppTitleLabel.swift in Sources */ = {isa = PBXBuildFile; fileRef = 8744DA761E92FC220088B8F9 /* AppTitleLabel.swift */; };
		8744DA7E1E93435A0088B8F9 /* AppTapBarController.swift in Sources */ = {isa = PBXBuildFile; fileRef = 8744DA7D1E93435A0088B8F9 /* AppTapBarController.swift */; };
		8744DA811E934B690088B8F9 /* AppDataStructures.swift in Sources */ = {isa = PBXBuildFile; fileRef = 8744DA801E934B690088B8F9 /* AppDataStructures.swift */; };
		8744DA831E9351750088B8F9 /* AppNavigationController.swift in Sources */ = {isa = PBXBuildFile; fileRef = 8744DA821E9351750088B8F9 /* AppNavigationController.swift */; };
		87640DA91EAADCA10052FA3D /* AppLabelGeneral.swift in Sources */ = {isa = PBXBuildFile; fileRef = 87640DA81EAADCA10052FA3D /* AppLabelGeneral.swift */; };
		87640DAB1EAADD4D0052FA3D /* PersonalScheduleItemExtensions.swift in Sources */ = {isa = PBXBuildFile; fileRef = 87640DAA1EAADD4D0052FA3D /* PersonalScheduleItemExtensions.swift */; };
		87640DAD1EAD1D680052FA3D /* ClassDetailView.swift in Sources */ = {isa = PBXBuildFile; fileRef = 87640DAC1EAD1D680052FA3D /* ClassDetailView.swift */; };
		87640DB01EADA6420052FA3D /* SpeakerDetailVC.swift in Sources */ = {isa = PBXBuildFile; fileRef = 87640DAF1EADA6420052FA3D /* SpeakerDetailVC.swift */; };
		877683861E9EAA2100A22BC8 /* BreakoutsExtensions.swift in Sources */ = {isa = PBXBuildFile; fileRef = 877683851E9EAA2100A22BC8 /* BreakoutsExtensions.swift */; };
		877683891E9EAB3900A22BC8 /* StoreCoordinator.swift in Sources */ = {isa = PBXBuildFile; fileRef = 877683881E9EAB3900A22BC8 /* StoreCoordinator.swift */; };
		8776838B1E9EC3BD00A22BC8 /* PresentationsExtensions.swift in Sources */ = {isa = PBXBuildFile; fileRef = 8776838A1E9EC3BD00A22BC8 /* PresentationsExtensions.swift */; };
		8776838D1E9EC3D100A22BC8 /* SpeakersExtensions.swift in Sources */ = {isa = PBXBuildFile; fileRef = 8776838C1E9EC3D100A22BC8 /* SpeakersExtensions.swift */; };
		8776838F1E9ECBB300A22BC8 /* ScheduleItem.swift in Sources */ = {isa = PBXBuildFile; fileRef = 8776838E1E9ECBB300A22BC8 /* ScheduleItem.swift */; };
		879C1BB01EA6BBCA002D3870 /* BreakoutClassesDataSource.swift in Sources */ = {isa = PBXBuildFile; fileRef = 879C1BAF1EA6BBCA002D3870 /* BreakoutClassesDataSource.swift */; };
		879C1BB31EA6BDBD002D3870 /* BreakoutClassesVC.swift in Sources */ = {isa = PBXBuildFile; fileRef = 879C1BB21EA6BDBD002D3870 /* BreakoutClassesVC.swift */; };
		879C1BB51EA6BF6B002D3870 /* BreakoutClassCell.swift in Sources */ = {isa = PBXBuildFile; fileRef = 879C1BB41EA6BF6B002D3870 /* BreakoutClassCell.swift */; };
		87A29C501DD3FDA300DA0FA6 /* AppDelegate.swift in Sources */ = {isa = PBXBuildFile; fileRef = 87A29C4F1DD3FDA300DA0FA6 /* AppDelegate.swift */; };
		87A29C551DD3FDA300DA0FA6 /* Main.storyboard in Resources */ = {isa = PBXBuildFile; fileRef = 87A29C531DD3FDA300DA0FA6 /* Main.storyboard */; };
		87A29C581DD3FDA300DA0FA6 /* LDStorymakersApp.xcdatamodeld in Sources */ = {isa = PBXBuildFile; fileRef = 87A29C561DD3FDA300DA0FA6 /* LDStorymakersApp.xcdatamodeld */; };
		87A29C5A1DD3FDA300DA0FA6 /* Assets.xcassets in Resources */ = {isa = PBXBuildFile; fileRef = 87A29C591DD3FDA300DA0FA6 /* Assets.xcassets */; };
		87A29C5D1DD3FDA300DA0FA6 /* LaunchScreen.storyboard in Resources */ = {isa = PBXBuildFile; fileRef = 87A29C5B1DD3FDA300DA0FA6 /* LaunchScreen.storyboard */; };
		87A29C681DD3FDA300DA0FA6 /* LDStorymakersAppTests.swift in Sources */ = {isa = PBXBuildFile; fileRef = 87A29C671DD3FDA300DA0FA6 /* LDStorymakersAppTests.swift */; };
		87A29C731DD3FDA300DA0FA6 /* LDStorymakersAppUITests.swift in Sources */ = {isa = PBXBuildFile; fileRef = 87A29C721DD3FDA300DA0FA6 /* LDStorymakersAppUITests.swift */; };
		87A29C811DD41C4000DA0FA6 /* OtherExtensions.swift in Sources */ = {isa = PBXBuildFile; fileRef = 87A29C801DD41C4000DA0FA6 /* OtherExtensions.swift */; };
		87A617771E9B00FB00DC7A39 /* ConferenceScheduleVC.swift in Sources */ = {isa = PBXBuildFile; fileRef = 87A617761E9B00FB00DC7A39 /* ConferenceScheduleVC.swift */; };
		87A617791E9B012E00DC7A39 /* BreakoutsDataSource.swift in Sources */ = {isa = PBXBuildFile; fileRef = 87A617781E9B012E00DC7A39 /* BreakoutsDataSource.swift */; };
		87E7E7541E993F1800A30157 /* AppSegmentedControl.swift in Sources */ = {isa = PBXBuildFile; fileRef = 87E7E7531E993F1800A30157 /* AppSegmentedControl.swift */; };
		87F21D8E1DD40EC100AC2D0B /* URLSessionExtensions.swift in Sources */ = {isa = PBXBuildFile; fileRef = 87F21D8D1DD40EC100AC2D0B /* URLSessionExtensions.swift */; };
/* End PBXBuildFile section */

/* Begin PBXContainerItemProxy section */
		87A29C641DD3FDA300DA0FA6 /* PBXContainerItemProxy */ = {
			isa = PBXContainerItemProxy;
			containerPortal = 87A29C441DD3FDA300DA0FA6 /* Project object */;
			proxyType = 1;
			remoteGlobalIDString = 87A29C4B1DD3FDA300DA0FA6;
			remoteInfo = LDStorymakersApp;
		};
		87A29C6F1DD3FDA300DA0FA6 /* PBXContainerItemProxy */ = {
			isa = PBXContainerItemProxy;
			containerPortal = 87A29C441DD3FDA300DA0FA6 /* Project object */;
			proxyType = 1;
			remoteGlobalIDString = 87A29C4B1DD3FDA300DA0FA6;
			remoteInfo = LDStorymakersApp;
		};
/* End PBXContainerItemProxy section */

/* Begin PBXFileReference section */
		873412E81EAE4D8700F3383C /* PersonalScheduleVC.swift */ = {isa = PBXFileReference; fileEncoding = 4; lastKnownFileType = sourcecode.swift; path = PersonalScheduleVC.swift; sourceTree = "<group>"; };
		873412EB1EAE4E4200F3383C /* PersonalScheduleDataSource.swift */ = {isa = PBXFileReference; fileEncoding = 4; lastKnownFileType = sourcecode.swift; path = PersonalScheduleDataSource.swift; sourceTree = "<group>"; };
		873412ED1EAE4F2A00F3383C /* PersonalScheduleCell.swift */ = {isa = PBXFileReference; fileEncoding = 4; lastKnownFileType = sourcecode.swift; path = PersonalScheduleCell.swift; sourceTree = "<group>"; };
		87345A1F1EB3C53600E9B4B6 /* SettingsVC.swift */ = {isa = PBXFileReference; fileEncoding = 4; lastKnownFileType = sourcecode.swift; path = SettingsVC.swift; sourceTree = "<group>"; };
		8736BDEB1EA5394100078436 /* BreakoutCell.swift */ = {isa = PBXFileReference; fileEncoding = 4; lastKnownFileType = sourcecode.swift; name = BreakoutCell.swift; path = ../BreakoutCell.swift; sourceTree = "<group>"; };
		8744DA721E92F9890088B8F9 /* AppViewController.swift */ = {isa = PBXFileReference; fileEncoding = 4; lastKnownFileType = sourcecode.swift; path = AppViewController.swift; sourceTree = "<group>"; };
		8744DA761E92FC220088B8F9 /* AppTitleLabel.swift */ = {isa = PBXFileReference; fileEncoding = 4; lastKnownFileType = sourcecode.swift; path = AppTitleLabel.swift; sourceTree = "<group>"; };
		8744DA7D1E93435A0088B8F9 /* AppTapBarController.swift */ = {isa = PBXFileReference; fileEncoding = 4; lastKnownFileType = sourcecode.swift; path = AppTapBarController.swift; sourceTree = "<group>"; };
		8744DA801E934B690088B8F9 /* AppDataStructures.swift */ = {isa = PBXFileReference; fileEncoding = 4; lastKnownFileType = sourcecode.swift; path = AppDataStructures.swift; sourceTree = "<group>"; };
		8744DA821E9351750088B8F9 /* AppNavigationController.swift */ = {isa = PBXFileReference; fileEncoding = 4; lastKnownFileType = sourcecode.swift; name = AppNavigationController.swift; path = ../AppNavigationController.swift; sourceTree = "<group>"; };
		87640DA81EAADCA10052FA3D /* AppLabelGeneral.swift */ = {isa = PBXFileReference; fileEncoding = 4; lastKnownFileType = sourcecode.swift; path = AppLabelGeneral.swift; sourceTree = "<group>"; };
		87640DAA1EAADD4D0052FA3D /* PersonalScheduleItemExtensions.swift */ = {isa = PBXFileReference; fileEncoding = 4; lastKnownFileType = sourcecode.swift; path = PersonalScheduleItemExtensions.swift; sourceTree = "<group>"; };
		87640DAC1EAD1D680052FA3D /* ClassDetailView.swift */ = {isa = PBXFileReference; fileEncoding = 4; lastKnownFileType = sourcecode.swift; path = ClassDetailView.swift; sourceTree = "<group>"; };
		87640DAF1EADA6420052FA3D /* SpeakerDetailVC.swift */ = {isa = PBXFileReference; fileEncoding = 4; lastKnownFileType = sourcecode.swift; path = SpeakerDetailVC.swift; sourceTree = "<group>"; };
		877683851E9EAA2100A22BC8 /* BreakoutsExtensions.swift */ = {isa = PBXFileReference; fileEncoding = 4; lastKnownFileType = sourcecode.swift; path = BreakoutsExtensions.swift; sourceTree = "<group>"; };
		877683881E9EAB3900A22BC8 /* StoreCoordinator.swift */ = {isa = PBXFileReference; fileEncoding = 4; lastKnownFileType = sourcecode.swift; path = StoreCoordinator.swift; sourceTree = "<group>"; };
		8776838A1E9EC3BD00A22BC8 /* PresentationsExtensions.swift */ = {isa = PBXFileReference; fileEncoding = 4; lastKnownFileType = sourcecode.swift; path = PresentationsExtensions.swift; sourceTree = "<group>"; };
		8776838C1E9EC3D100A22BC8 /* SpeakersExtensions.swift */ = {isa = PBXFileReference; fileEncoding = 4; lastKnownFileType = sourcecode.swift; name = SpeakersExtensions.swift; path = ../SpeakersExtensions.swift; sourceTree = "<group>"; };
		8776838E1E9ECBB300A22BC8 /* ScheduleItem.swift */ = {isa = PBXFileReference; fileEncoding = 4; lastKnownFileType = sourcecode.swift; path = ScheduleItem.swift; sourceTree = "<group>"; };
		879C1BAF1EA6BBCA002D3870 /* BreakoutClassesDataSource.swift */ = {isa = PBXFileReference; fileEncoding = 4; lastKnownFileType = sourcecode.swift; name = BreakoutClassesDataSource.swift; path = ../BreakoutClassesDataSource.swift; sourceTree = "<group>"; };
		879C1BB21EA6BDBD002D3870 /* BreakoutClassesVC.swift */ = {isa = PBXFileReference; fileEncoding = 4; lastKnownFileType = sourcecode.swift; name = BreakoutClassesVC.swift; path = ../BreakoutClassesVC.swift; sourceTree = "<group>"; };
		879C1BB41EA6BF6B002D3870 /* BreakoutClassCell.swift */ = {isa = PBXFileReference; fileEncoding = 4; lastKnownFileType = sourcecode.swift; path = BreakoutClassCell.swift; sourceTree = "<group>"; };
		87A29C4C1DD3FDA300DA0FA6 /* LDStorymakersApp.app */ = {isa = PBXFileReference; explicitFileType = wrapper.application; includeInIndex = 0; path = LDStorymakersApp.app; sourceTree = BUILT_PRODUCTS_DIR; };
		87A29C4F1DD3FDA300DA0FA6 /* AppDelegate.swift */ = {isa = PBXFileReference; lastKnownFileType = sourcecode.swift; path = AppDelegate.swift; sourceTree = "<group>"; };
		87A29C541DD3FDA300DA0FA6 /* Base */ = {isa = PBXFileReference; lastKnownFileType = file.storyboard; name = Base; path = Base.lproj/Main.storyboard; sourceTree = "<group>"; };
		87A29C571DD3FDA300DA0FA6 /* LDStorymakersApp.xcdatamodel */ = {isa = PBXFileReference; lastKnownFileType = wrapper.xcdatamodel; path = LDStorymakersApp.xcdatamodel; sourceTree = "<group>"; };
		87A29C591DD3FDA300DA0FA6 /* Assets.xcassets */ = {isa = PBXFileReference; lastKnownFileType = folder.assetcatalog; path = Assets.xcassets; sourceTree = "<group>"; };
		87A29C5C1DD3FDA300DA0FA6 /* Base */ = {isa = PBXFileReference; lastKnownFileType = file.storyboard; name = Base; path = Base.lproj/LaunchScreen.storyboard; sourceTree = "<group>"; };
		87A29C5E1DD3FDA300DA0FA6 /* Info.plist */ = {isa = PBXFileReference; lastKnownFileType = text.plist.xml; path = Info.plist; sourceTree = "<group>"; };
		87A29C631DD3FDA300DA0FA6 /* LDStorymakersAppTests.xctest */ = {isa = PBXFileReference; explicitFileType = wrapper.cfbundle; includeInIndex = 0; path = LDStorymakersAppTests.xctest; sourceTree = BUILT_PRODUCTS_DIR; };
		87A29C671DD3FDA300DA0FA6 /* LDStorymakersAppTests.swift */ = {isa = PBXFileReference; lastKnownFileType = sourcecode.swift; path = LDStorymakersAppTests.swift; sourceTree = "<group>"; };
		87A29C691DD3FDA300DA0FA6 /* Info.plist */ = {isa = PBXFileReference; lastKnownFileType = text.plist.xml; path = Info.plist; sourceTree = "<group>"; };
		87A29C6E1DD3FDA300DA0FA6 /* LDStorymakersAppUITests.xctest */ = {isa = PBXFileReference; explicitFileType = wrapper.cfbundle; includeInIndex = 0; path = LDStorymakersAppUITests.xctest; sourceTree = BUILT_PRODUCTS_DIR; };
		87A29C721DD3FDA300DA0FA6 /* LDStorymakersAppUITests.swift */ = {isa = PBXFileReference; lastKnownFileType = sourcecode.swift; path = LDStorymakersAppUITests.swift; sourceTree = "<group>"; };
		87A29C741DD3FDA300DA0FA6 /* Info.plist */ = {isa = PBXFileReference; lastKnownFileType = text.plist.xml; path = Info.plist; sourceTree = "<group>"; };
		87A29C801DD41C4000DA0FA6 /* OtherExtensions.swift */ = {isa = PBXFileReference; fileEncoding = 4; lastKnownFileType = sourcecode.swift; path = OtherExtensions.swift; sourceTree = "<group>"; };
		87A617761E9B00FB00DC7A39 /* ConferenceScheduleVC.swift */ = {isa = PBXFileReference; fileEncoding = 4; lastKnownFileType = sourcecode.swift; name = ConferenceScheduleVC.swift; path = ../ConferenceScheduleVC.swift; sourceTree = "<group>"; };
		87A617781E9B012E00DC7A39 /* BreakoutsDataSource.swift */ = {isa = PBXFileReference; fileEncoding = 4; lastKnownFileType = sourcecode.swift; path = BreakoutsDataSource.swift; sourceTree = "<group>"; };
		87E7E7531E993F1800A30157 /* AppSegmentedControl.swift */ = {isa = PBXFileReference; fileEncoding = 4; lastKnownFileType = sourcecode.swift; path = AppSegmentedControl.swift; sourceTree = "<group>"; };
		87F21D8D1DD40EC100AC2D0B /* URLSessionExtensions.swift */ = {isa = PBXFileReference; fileEncoding = 4; lastKnownFileType = sourcecode.swift; path = URLSessionExtensions.swift; sourceTree = "<group>"; };
/* End PBXFileReference section */

/* Begin PBXFrameworksBuildPhase section */
		87A29C491DD3FDA300DA0FA6 /* Frameworks */ = {
			isa = PBXFrameworksBuildPhase;
			buildActionMask = 2147483647;
			files = (
			);
			runOnlyForDeploymentPostprocessing = 0;
		};
		87A29C601DD3FDA300DA0FA6 /* Frameworks */ = {
			isa = PBXFrameworksBuildPhase;
			buildActionMask = 2147483647;
			files = (
			);
			runOnlyForDeploymentPostprocessing = 0;
		};
		87A29C6B1DD3FDA300DA0FA6 /* Frameworks */ = {
			isa = PBXFrameworksBuildPhase;
			buildActionMask = 2147483647;
			files = (
			);
			runOnlyForDeploymentPostprocessing = 0;
		};
/* End PBXFrameworksBuildPhase section */

/* Begin PBXGroup section */
		873412EA1EAE4D9500F3383C /* PersonalSchedule */ = {
			isa = PBXGroup;
			children = (
				873412E81EAE4D8700F3383C /* PersonalScheduleVC.swift */,
				873412EB1EAE4E4200F3383C /* PersonalScheduleDataSource.swift */,
				873412ED1EAE4F2A00F3383C /* PersonalScheduleCell.swift */,
			);
			name = PersonalSchedule;
			sourceTree = "<group>";
		};
		87345A211EB3C53C00E9B4B6 /* Settings */ = {
			isa = PBXGroup;
			children = (
				87345A1F1EB3C53600E9B4B6 /* SettingsVC.swift */,
			);
			name = Settings;
			sourceTree = "<group>";
		};
		8744DA7F1E9343690088B8F9 /* App Views */ = {
			isa = PBXGroup;
			children = (
				87640DA81EAADCA10052FA3D /* AppLabelGeneral.swift */,
				8744DA721E92F9890088B8F9 /* AppViewController.swift */,
				8744DA761E92FC220088B8F9 /* AppTitleLabel.swift */,
				8744DA821E9351750088B8F9 /* AppNavigationController.swift */,
				8744DA7D1E93435A0088B8F9 /* AppTapBarController.swift */,
				87E7E7531E993F1800A30157 /* AppSegmentedControl.swift */,
			);
			name = "App Views";
			sourceTree = "<group>";
		};
		87640DAE1EAD1D700052FA3D /* ClassDetailView */ = {
			isa = PBXGroup;
			children = (
				87640DAC1EAD1D680052FA3D /* ClassDetailView.swift */,
				87640DB11EADA64A0052FA3D /* SpeakerDetailView */,
			);
			name = ClassDetailView;
			sourceTree = "<group>";
		};
		87640DB11EADA64A0052FA3D /* SpeakerDetailView */ = {
			isa = PBXGroup;
			children = (
				87640DAF1EADA6420052FA3D /* SpeakerDetailVC.swift */,
			);
			name = SpeakerDetailView;
			sourceTree = "<group>";
		};
		877683871E9EAA2800A22BC8 /* Managed Objects Extensions */ = {
			isa = PBXGroup;
			children = (
				877683881E9EAB3900A22BC8 /* StoreCoordinator.swift */,
				877683851E9EAA2100A22BC8 /* BreakoutsExtensions.swift */,
				8776838C1E9EC3D100A22BC8 /* SpeakersExtensions.swift */,
				8776838A1E9EC3BD00A22BC8 /* PresentationsExtensions.swift */,
				8776838E1E9ECBB300A22BC8 /* ScheduleItem.swift */,
				87640DAA1EAADD4D0052FA3D /* PersonalScheduleItemExtensions.swift */,
			);
			name = "Managed Objects Extensions";
			sourceTree = "<group>";
		};
		879C1BB11EA6BBD4002D3870 /* BreakoutClasses */ = {
			isa = PBXGroup;
			children = (
				879C1BB21EA6BDBD002D3870 /* BreakoutClassesVC.swift */,
				879C1BAF1EA6BBCA002D3870 /* BreakoutClassesDataSource.swift */,
				879C1BB41EA6BF6B002D3870 /* BreakoutClassCell.swift */,
				87640DAE1EAD1D700052FA3D /* ClassDetailView */,
				87345A211EB3C53C00E9B4B6 /* Settings */,
			);
			name = BreakoutClasses;
			sourceTree = "<group>";
		};
		87A29C431DD3FDA300DA0FA6 = {
			isa = PBXGroup;
			children = (
				87A29C4E1DD3FDA300DA0FA6 /* LDStorymakersApp */,
				87A29C661DD3FDA300DA0FA6 /* LDStorymakersAppTests */,
				87A29C711DD3FDA300DA0FA6 /* LDStorymakersAppUITests */,
				87A29C4D1DD3FDA300DA0FA6 /* Products */,
			);
			sourceTree = "<group>";
		};
		87A29C4D1DD3FDA300DA0FA6 /* Products */ = {
			isa = PBXGroup;
			children = (
				87A29C4C1DD3FDA300DA0FA6 /* LDStorymakersApp.app */,
				87A29C631DD3FDA300DA0FA6 /* LDStorymakersAppTests.xctest */,
				87A29C6E1DD3FDA300DA0FA6 /* LDStorymakersAppUITests.xctest */,
			);
			name = Products;
			sourceTree = "<group>";
		};
		87A29C4E1DD3FDA300DA0FA6 /* LDStorymakersApp */ = {
			isa = PBXGroup;
			children = (
				87A29C4F1DD3FDA300DA0FA6 /* AppDelegate.swift */,
				87F21D8D1DD40EC100AC2D0B /* URLSessionExtensions.swift */,
				87A29C801DD41C4000DA0FA6 /* OtherExtensions.swift */,
				8744DA801E934B690088B8F9 /* AppDataStructures.swift */,
				87A29C531DD3FDA300DA0FA6 /* Main.storyboard */,
				877683871E9EAA2800A22BC8 /* Managed Objects Extensions */,
				8744DA7F1E9343690088B8F9 /* App Views */,
				873412EA1EAE4D9500F3383C /* PersonalSchedule */,
				87A617751E9B009700DC7A39 /* Conference Schedule */,
				87A29C591DD3FDA300DA0FA6 /* Assets.xcassets */,
				87A29C5B1DD3FDA300DA0FA6 /* LaunchScreen.storyboard */,
				87A29C5E1DD3FDA300DA0FA6 /* Info.plist */,
				87A29C561DD3FDA300DA0FA6 /* LDStorymakersApp.xcdatamodeld */,
			);
			path = LDStorymakersApp;
			sourceTree = "<group>";
		};
		87A29C661DD3FDA300DA0FA6 /* LDStorymakersAppTests */ = {
			isa = PBXGroup;
			children = (
				87A29C671DD3FDA300DA0FA6 /* LDStorymakersAppTests.swift */,
				87A29C691DD3FDA300DA0FA6 /* Info.plist */,
			);
			path = LDStorymakersAppTests;
			sourceTree = "<group>";
		};
		87A29C711DD3FDA300DA0FA6 /* LDStorymakersAppUITests */ = {
			isa = PBXGroup;
			children = (
				87A29C721DD3FDA300DA0FA6 /* LDStorymakersAppUITests.swift */,
				87A29C741DD3FDA300DA0FA6 /* Info.plist */,
			);
			path = LDStorymakersAppUITests;
			sourceTree = "<group>";
		};
		87A617751E9B009700DC7A39 /* Conference Schedule */ = {
			isa = PBXGroup;
			children = (
				87A617761E9B00FB00DC7A39 /* ConferenceScheduleVC.swift */,
				87A617781E9B012E00DC7A39 /* BreakoutsDataSource.swift */,
				8736BDEB1EA5394100078436 /* BreakoutCell.swift */,
				879C1BB11EA6BBD4002D3870 /* BreakoutClasses */,
			);
			name = "Conference Schedule";
			sourceTree = "<group>";
		};
/* End PBXGroup section */

/* Begin PBXNativeTarget section */
		87A29C4B1DD3FDA300DA0FA6 /* LDStorymakersApp */ = {
			isa = PBXNativeTarget;
			buildConfigurationList = 87A29C771DD3FDA300DA0FA6 /* Build configuration list for PBXNativeTarget "LDStorymakersApp" */;
			buildPhases = (
				87A29C481DD3FDA300DA0FA6 /* Sources */,
				87A29C491DD3FDA300DA0FA6 /* Frameworks */,
				87A29C4A1DD3FDA300DA0FA6 /* Resources */,
			);
			buildRules = (
			);
			dependencies = (
			);
			name = LDStorymakersApp;
			productName = LDStorymakersApp;
			productReference = 87A29C4C1DD3FDA300DA0FA6 /* LDStorymakersApp.app */;
			productType = "com.apple.product-type.application";
		};
		87A29C621DD3FDA300DA0FA6 /* LDStorymakersAppTests */ = {
			isa = PBXNativeTarget;
			buildConfigurationList = 87A29C7A1DD3FDA300DA0FA6 /* Build configuration list for PBXNativeTarget "LDStorymakersAppTests" */;
			buildPhases = (
				87A29C5F1DD3FDA300DA0FA6 /* Sources */,
				87A29C601DD3FDA300DA0FA6 /* Frameworks */,
				87A29C611DD3FDA300DA0FA6 /* Resources */,
			);
			buildRules = (
			);
			dependencies = (
				87A29C651DD3FDA300DA0FA6 /* PBXTargetDependency */,
			);
			name = LDStorymakersAppTests;
			productName = LDStorymakersAppTests;
			productReference = 87A29C631DD3FDA300DA0FA6 /* LDStorymakersAppTests.xctest */;
			productType = "com.apple.product-type.bundle.unit-test";
		};
		87A29C6D1DD3FDA300DA0FA6 /* LDStorymakersAppUITests */ = {
			isa = PBXNativeTarget;
			buildConfigurationList = 87A29C7D1DD3FDA300DA0FA6 /* Build configuration list for PBXNativeTarget "LDStorymakersAppUITests" */;
			buildPhases = (
				87A29C6A1DD3FDA300DA0FA6 /* Sources */,
				87A29C6B1DD3FDA300DA0FA6 /* Frameworks */,
				87A29C6C1DD3FDA300DA0FA6 /* Resources */,
			);
			buildRules = (
			);
			dependencies = (
				87A29C701DD3FDA300DA0FA6 /* PBXTargetDependency */,
			);
			name = LDStorymakersAppUITests;
			productName = LDStorymakersAppUITests;
			productReference = 87A29C6E1DD3FDA300DA0FA6 /* LDStorymakersAppUITests.xctest */;
			productType = "com.apple.product-type.bundle.ui-testing";
		};
/* End PBXNativeTarget section */

/* Begin PBXProject section */
		87A29C441DD3FDA300DA0FA6 /* Project object */ = {
			isa = PBXProject;
			attributes = {
				LastSwiftUpdateCheck = 0800;
				LastUpgradeCheck = 1120;
				ORGANIZATIONNAME = "Gamaliel Tellez";
				TargetAttributes = {
					87A29C4B1DD3FDA300DA0FA6 = {
						CreatedOnToolsVersion = 8.0;
						DevelopmentTeam = FCJBBVX9H7;
						ProvisioningStyle = Automatic;
					};
					87A29C621DD3FDA300DA0FA6 = {
						CreatedOnToolsVersion = 8.0;
						DevelopmentTeam = FCJBBVX9H7;
						ProvisioningStyle = Automatic;
						TestTargetID = 87A29C4B1DD3FDA300DA0FA6;
					};
					87A29C6D1DD3FDA300DA0FA6 = {
						CreatedOnToolsVersion = 8.0;
						DevelopmentTeam = FCJBBVX9H7;
						ProvisioningStyle = Automatic;
						TestTargetID = 87A29C4B1DD3FDA300DA0FA6;
					};
				};
			};
			buildConfigurationList = 87A29C471DD3FDA300DA0FA6 /* Build configuration list for PBXProject "LDStoryMakersRealDeal" */;
			compatibilityVersion = "Xcode 3.2";
			developmentRegion = en;
			hasScannedForEncodings = 0;
			knownRegions = (
				en,
				Base,
			);
			mainGroup = 87A29C431DD3FDA300DA0FA6;
			productRefGroup = 87A29C4D1DD3FDA300DA0FA6 /* Products */;
			projectDirPath = "";
			projectRoot = "";
			targets = (
				87A29C4B1DD3FDA300DA0FA6 /* LDStorymakersApp */,
				87A29C621DD3FDA300DA0FA6 /* LDStorymakersAppTests */,
				87A29C6D1DD3FDA300DA0FA6 /* LDStorymakersAppUITests */,
			);
		};
/* End PBXProject section */

/* Begin PBXResourcesBuildPhase section */
		87A29C4A1DD3FDA300DA0FA6 /* Resources */ = {
			isa = PBXResourcesBuildPhase;
			buildActionMask = 2147483647;
			files = (
				87A29C5D1DD3FDA300DA0FA6 /* LaunchScreen.storyboard in Resources */,
				87A29C5A1DD3FDA300DA0FA6 /* Assets.xcassets in Resources */,
				87A29C551DD3FDA300DA0FA6 /* Main.storyboard in Resources */,
			);
			runOnlyForDeploymentPostprocessing = 0;
		};
		87A29C611DD3FDA300DA0FA6 /* Resources */ = {
			isa = PBXResourcesBuildPhase;
			buildActionMask = 2147483647;
			files = (
			);
			runOnlyForDeploymentPostprocessing = 0;
		};
		87A29C6C1DD3FDA300DA0FA6 /* Resources */ = {
			isa = PBXResourcesBuildPhase;
			buildActionMask = 2147483647;
			files = (
			);
			runOnlyForDeploymentPostprocessing = 0;
		};
/* End PBXResourcesBuildPhase section */

/* Begin PBXSourcesBuildPhase section */
		87A29C481DD3FDA300DA0FA6 /* Sources */ = {
			isa = PBXSourcesBuildPhase;
			buildActionMask = 2147483647;
			files = (
				8744DA731E92F9890088B8F9 /* AppViewController.swift in Sources */,
				873412EE1EAE4F2A00F3383C /* PersonalScheduleCell.swift in Sources */,
				87A617771E9B00FB00DC7A39 /* ConferenceScheduleVC.swift in Sources */,
				873412EC1EAE4E4200F3383C /* PersonalScheduleDataSource.swift in Sources */,
				877683891E9EAB3900A22BC8 /* StoreCoordinator.swift in Sources */,
				87640DA91EAADCA10052FA3D /* AppLabelGeneral.swift in Sources */,
				87640DAD1EAD1D680052FA3D /* ClassDetailView.swift in Sources */,
				873412E91EAE4D8700F3383C /* PersonalScheduleVC.swift in Sources */,
				87F21D8E1DD40EC100AC2D0B /* URLSessionExtensions.swift in Sources */,
				879C1BB31EA6BDBD002D3870 /* BreakoutClassesVC.swift in Sources */,
				879C1BB01EA6BBCA002D3870 /* BreakoutClassesDataSource.swift in Sources */,
				87640DAB1EAADD4D0052FA3D /* PersonalScheduleItemExtensions.swift in Sources */,
				87E7E7541E993F1800A30157 /* AppSegmentedControl.swift in Sources */,
				8776838B1E9EC3BD00A22BC8 /* PresentationsExtensions.swift in Sources */,
				87640DB01EADA6420052FA3D /* SpeakerDetailVC.swift in Sources */,
				87A29C811DD41C4000DA0FA6 /* OtherExtensions.swift in Sources */,
				877683861E9EAA2100A22BC8 /* BreakoutsExtensions.swift in Sources */,
				8744DA7E1E93435A0088B8F9 /* AppTapBarController.swift in Sources */,
				87A29C581DD3FDA300DA0FA6 /* LDStorymakersApp.xcdatamodeld in Sources */,
				87A29C501DD3FDA300DA0FA6 /* AppDelegate.swift in Sources */,
				8744DA811E934B690088B8F9 /* AppDataStructures.swift in Sources */,
				87A617791E9B012E00DC7A39 /* BreakoutsDataSource.swift in Sources */,
				879C1BB51EA6BF6B002D3870 /* BreakoutClassCell.swift in Sources */,
				8744DA771E92FC220088B8F9 /* AppTitleLabel.swift in Sources */,
				8736BDEC1EA5394100078436 /* BreakoutCell.swift in Sources */,
				8744DA831E9351750088B8F9 /* AppNavigationController.swift in Sources */,
				87345A201EB3C53600E9B4B6 /* SettingsVC.swift in Sources */,
				8776838D1E9EC3D100A22BC8 /* SpeakersExtensions.swift in Sources */,
				8776838F1E9ECBB300A22BC8 /* ScheduleItem.swift in Sources */,
			);
			runOnlyForDeploymentPostprocessing = 0;
		};
		87A29C5F1DD3FDA300DA0FA6 /* Sources */ = {
			isa = PBXSourcesBuildPhase;
			buildActionMask = 2147483647;
			files = (
				87A29C681DD3FDA300DA0FA6 /* LDStorymakersAppTests.swift in Sources */,
			);
			runOnlyForDeploymentPostprocessing = 0;
		};
		87A29C6A1DD3FDA300DA0FA6 /* Sources */ = {
			isa = PBXSourcesBuildPhase;
			buildActionMask = 2147483647;
			files = (
				87A29C731DD3FDA300DA0FA6 /* LDStorymakersAppUITests.swift in Sources */,
			);
			runOnlyForDeploymentPostprocessing = 0;
		};
/* End PBXSourcesBuildPhase section */

/* Begin PBXTargetDependency section */
		87A29C651DD3FDA300DA0FA6 /* PBXTargetDependency */ = {
			isa = PBXTargetDependency;
			target = 87A29C4B1DD3FDA300DA0FA6 /* LDStorymakersApp */;
			targetProxy = 87A29C641DD3FDA300DA0FA6 /* PBXContainerItemProxy */;
		};
		87A29C701DD3FDA300DA0FA6 /* PBXTargetDependency */ = {
			isa = PBXTargetDependency;
			target = 87A29C4B1DD3FDA300DA0FA6 /* LDStorymakersApp */;
			targetProxy = 87A29C6F1DD3FDA300DA0FA6 /* PBXContainerItemProxy */;
		};
/* End PBXTargetDependency section */

/* Begin PBXVariantGroup section */
		87A29C531DD3FDA300DA0FA6 /* Main.storyboard */ = {
			isa = PBXVariantGroup;
			children = (
				87A29C541DD3FDA300DA0FA6 /* Base */,
			);
			name = Main.storyboard;
			sourceTree = "<group>";
		};
		87A29C5B1DD3FDA300DA0FA6 /* LaunchScreen.storyboard */ = {
			isa = PBXVariantGroup;
			children = (
				87A29C5C1DD3FDA300DA0FA6 /* Base */,
			);
			name = LaunchScreen.storyboard;
			sourceTree = "<group>";
		};
/* End PBXVariantGroup section */

/* Begin XCBuildConfiguration section */
		87A29C751DD3FDA300DA0FA6 /* Debug */ = {
			isa = XCBuildConfiguration;
			buildSettings = {
				ALWAYS_SEARCH_USER_PATHS = NO;
				CLANG_ANALYZER_LOCALIZABILITY_NONLOCALIZED = YES;
				CLANG_ANALYZER_NONNULL = YES;
				CLANG_CXX_LANGUAGE_STANDARD = "gnu++0x";
				CLANG_CXX_LIBRARY = "libc++";
				CLANG_ENABLE_MODULES = YES;
				CLANG_ENABLE_OBJC_ARC = YES;
				CLANG_WARN_BLOCK_CAPTURE_AUTORELEASING = YES;
				CLANG_WARN_BOOL_CONVERSION = YES;
				CLANG_WARN_COMMA = YES;
				CLANG_WARN_CONSTANT_CONVERSION = YES;
				CLANG_WARN_DEPRECATED_OBJC_IMPLEMENTATIONS = YES;
				CLANG_WARN_DIRECT_OBJC_ISA_USAGE = YES_ERROR;
				CLANG_WARN_DOCUMENTATION_COMMENTS = YES;
				CLANG_WARN_EMPTY_BODY = YES;
				CLANG_WARN_ENUM_CONVERSION = YES;
				CLANG_WARN_INFINITE_RECURSION = YES;
				CLANG_WARN_INT_CONVERSION = YES;
				CLANG_WARN_NON_LITERAL_NULL_CONVERSION = YES;
				CLANG_WARN_OBJC_IMPLICIT_RETAIN_SELF = YES;
				CLANG_WARN_OBJC_LITERAL_CONVERSION = YES;
				CLANG_WARN_OBJC_ROOT_CLASS = YES_ERROR;
				CLANG_WARN_RANGE_LOOP_ANALYSIS = YES;
				CLANG_WARN_STRICT_PROTOTYPES = YES;
				CLANG_WARN_SUSPICIOUS_MOVE = YES;
				CLANG_WARN_SUSPICIOUS_MOVES = YES;
				CLANG_WARN_UNREACHABLE_CODE = YES;
				CLANG_WARN__DUPLICATE_METHOD_MATCH = YES;
				"CODE_SIGN_IDENTITY[sdk=iphoneos*]" = "iPhone Developer";
				COPY_PHASE_STRIP = NO;
				DEBUG_INFORMATION_FORMAT = dwarf;
				ENABLE_STRICT_OBJC_MSGSEND = YES;
				ENABLE_TESTABILITY = YES;
				GCC_C_LANGUAGE_STANDARD = gnu99;
				GCC_DYNAMIC_NO_PIC = NO;
				GCC_NO_COMMON_BLOCKS = YES;
				GCC_OPTIMIZATION_LEVEL = 0;
				GCC_PREPROCESSOR_DEFINITIONS = (
					"DEBUG=1",
					"$(inherited)",
				);
				GCC_WARN_64_TO_32_BIT_CONVERSION = YES;
				GCC_WARN_ABOUT_RETURN_TYPE = YES_ERROR;
				GCC_WARN_UNDECLARED_SELECTOR = YES;
				GCC_WARN_UNINITIALIZED_AUTOS = YES_AGGRESSIVE;
				GCC_WARN_UNUSED_FUNCTION = YES;
				GCC_WARN_UNUSED_VARIABLE = YES;
				IPHONEOS_DEPLOYMENT_TARGET = 13.2;
				MTL_ENABLE_DEBUG_INFO = YES;
				ONLY_ACTIVE_ARCH = YES;
				SDKROOT = iphoneos;
				SWIFT_ACTIVE_COMPILATION_CONDITIONS = DEBUG;
				SWIFT_OPTIMIZATION_LEVEL = "-Onone";
				TARGETED_DEVICE_FAMILY = "1,2";
			};
			name = Debug;
		};
		87A29C761DD3FDA300DA0FA6 /* Release */ = {
			isa = XCBuildConfiguration;
			buildSettings = {
				ALWAYS_SEARCH_USER_PATHS = NO;
				CLANG_ANALYZER_LOCALIZABILITY_NONLOCALIZED = YES;
				CLANG_ANALYZER_NONNULL = YES;
				CLANG_CXX_LANGUAGE_STANDARD = "gnu++0x";
				CLANG_CXX_LIBRARY = "libc++";
				CLANG_ENABLE_MODULES = YES;
				CLANG_ENABLE_OBJC_ARC = YES;
				CLANG_WARN_BLOCK_CAPTURE_AUTORELEASING = YES;
				CLANG_WARN_BOOL_CONVERSION = YES;
				CLANG_WARN_COMMA = YES;
				CLANG_WARN_CONSTANT_CONVERSION = YES;
				CLANG_WARN_DEPRECATED_OBJC_IMPLEMENTATIONS = YES;
				CLANG_WARN_DIRECT_OBJC_ISA_USAGE = YES_ERROR;
				CLANG_WARN_DOCUMENTATION_COMMENTS = YES;
				CLANG_WARN_EMPTY_BODY = YES;
				CLANG_WARN_ENUM_CONVERSION = YES;
				CLANG_WARN_INFINITE_RECURSION = YES;
				CLANG_WARN_INT_CONVERSION = YES;
				CLANG_WARN_NON_LITERAL_NULL_CONVERSION = YES;
				CLANG_WARN_OBJC_IMPLICIT_RETAIN_SELF = YES;
				CLANG_WARN_OBJC_LITERAL_CONVERSION = YES;
				CLANG_WARN_OBJC_ROOT_CLASS = YES_ERROR;
				CLANG_WARN_RANGE_LOOP_ANALYSIS = YES;
				CLANG_WARN_STRICT_PROTOTYPES = YES;
				CLANG_WARN_SUSPICIOUS_MOVE = YES;
				CLANG_WARN_SUSPICIOUS_MOVES = YES;
				CLANG_WARN_UNREACHABLE_CODE = YES;
				CLANG_WARN__DUPLICATE_METHOD_MATCH = YES;
				"CODE_SIGN_IDENTITY[sdk=iphoneos*]" = "iPhone Developer";
				COPY_PHASE_STRIP = NO;
				DEBUG_INFORMATION_FORMAT = "dwarf-with-dsym";
				ENABLE_NS_ASSERTIONS = NO;
				ENABLE_STRICT_OBJC_MSGSEND = YES;
				GCC_C_LANGUAGE_STANDARD = gnu99;
				GCC_NO_COMMON_BLOCKS = YES;
				GCC_WARN_64_TO_32_BIT_CONVERSION = YES;
				GCC_WARN_ABOUT_RETURN_TYPE = YES_ERROR;
				GCC_WARN_UNDECLARED_SELECTOR = YES;
				GCC_WARN_UNINITIALIZED_AUTOS = YES_AGGRESSIVE;
				GCC_WARN_UNUSED_FUNCTION = YES;
				GCC_WARN_UNUSED_VARIABLE = YES;
				IPHONEOS_DEPLOYMENT_TARGET = 13.2;
				MTL_ENABLE_DEBUG_INFO = NO;
				SDKROOT = iphoneos;
				SWIFT_OPTIMIZATION_LEVEL = "-Owholemodule";
				TARGETED_DEVICE_FAMILY = "1,2";
				VALIDATE_PRODUCT = YES;
			};
			name = Release;
		};
		87A29C781DD3FDA300DA0FA6 /* Debug */ = {
			isa = XCBuildConfiguration;
			buildSettings = {
				ASSETCATALOG_COMPILER_APPICON_NAME = AppIcon;
				CURRENT_PROJECT_VERSION = 2;
				DEVELOPMENT_TEAM = FCJBBVX9H7;
				INFOPLIST_FILE = LDStorymakersApp/Info.plist;
				IPHONEOS_DEPLOYMENT_TARGET = 13.2;
				LD_RUNPATH_SEARCH_PATHS = "$(inherited) @executable_path/Frameworks";
				MARKETING_VERSION = 1.2.5;
				PRODUCT_BUNDLE_IDENTIFIER = gamaTellez.LDSStoryMakersRealDeal;
				PRODUCT_NAME = "$(TARGET_NAME)";
				SWIFT_VERSION = 5.0;
			};
			name = Debug;
		};
		87A29C791DD3FDA300DA0FA6 /* Release */ = {
			isa = XCBuildConfiguration;
			buildSettings = {
				ASSETCATALOG_COMPILER_APPICON_NAME = AppIcon;
				CURRENT_PROJECT_VERSION = 2;
				DEVELOPMENT_TEAM = FCJBBVX9H7;
				INFOPLIST_FILE = LDStorymakersApp/Info.plist;
				IPHONEOS_DEPLOYMENT_TARGET = 13.2;
				LD_RUNPATH_SEARCH_PATHS = "$(inherited) @executable_path/Frameworks";
				MARKETING_VERSION = 1.2.5;
				PRODUCT_BUNDLE_IDENTIFIER = gamaTellez.LDSStoryMakersRealDeal;
				PRODUCT_NAME = "$(TARGET_NAME)";
				SWIFT_VERSION = 5.0;
			};
			name = Release;
		};
		87A29C7B1DD3FDA300DA0FA6 /* Debug */ = {
			isa = XCBuildConfiguration;
			buildSettings = {
				ALWAYS_EMBED_SWIFT_STANDARD_LIBRARIES = YES;
				BUNDLE_LOADER = "$(TEST_HOST)";
				DEVELOPMENT_TEAM = FCJBBVX9H7;
				INFOPLIST_FILE = LDStorymakersAppTests/Info.plist;
				LD_RUNPATH_SEARCH_PATHS = "$(inherited) @executable_path/Frameworks @loader_path/Frameworks";
				PRODUCT_BUNDLE_IDENTIFIER = gamaTellez.LDStorymakersAppTests;
				PRODUCT_NAME = "$(TARGET_NAME)";
				SWIFT_VERSION = 3.0;
				TEST_HOST = "$(BUILT_PRODUCTS_DIR)/LDStorymakersApp.app/LDStorymakersApp";
			};
			name = Debug;
		};
		87A29C7C1DD3FDA300DA0FA6 /* Release */ = {
			isa = XCBuildConfiguration;
			buildSettings = {
				ALWAYS_EMBED_SWIFT_STANDARD_LIBRARIES = YES;
				BUNDLE_LOADER = "$(TEST_HOST)";
				DEVELOPMENT_TEAM = FCJBBVX9H7;
				INFOPLIST_FILE = LDStorymakersAppTests/Info.plist;
				LD_RUNPATH_SEARCH_PATHS = "$(inherited) @executable_path/Frameworks @loader_path/Frameworks";
				PRODUCT_BUNDLE_IDENTIFIER = gamaTellez.LDStorymakersAppTests;
				PRODUCT_NAME = "$(TARGET_NAME)";
				SWIFT_VERSION = 3.0;
				TEST_HOST = "$(BUILT_PRODUCTS_DIR)/LDStorymakersApp.app/LDStorymakersApp";
			};
			name = Release;
		};
		87A29C7E1DD3FDA300DA0FA6 /* Debug */ = {
			isa = XCBuildConfiguration;
			buildSettings = {
				ALWAYS_EMBED_SWIFT_STANDARD_LIBRARIES = YES;
				DEVELOPMENT_TEAM = FCJBBVX9H7;
				INFOPLIST_FILE = LDStorymakersAppUITests/Info.plist;
				LD_RUNPATH_SEARCH_PATHS = "$(inherited) @executable_path/Frameworks @loader_path/Frameworks";
				PRODUCT_BUNDLE_IDENTIFIER = gamaTellez.LDStorymakersAppUITests;
				PRODUCT_NAME = "$(TARGET_NAME)";
				SWIFT_VERSION = 3.0;
				TEST_TARGET_NAME = LDStorymakersApp;
			};
			name = Debug;
		};
		87A29C7F1DD3FDA300DA0FA6 /* Release */ = {
			isa = XCBuildConfiguration;
			buildSettings = {
				ALWAYS_EMBED_SWIFT_STANDARD_LIBRARIES = YES;
				DEVELOPMENT_TEAM = FCJBBVX9H7;
				INFOPLIST_FILE = LDStorymakersAppUITests/Info.plist;
				LD_RUNPATH_SEARCH_PATHS = "$(inherited) @executable_path/Frameworks @loader_path/Frameworks";
				PRODUCT_BUNDLE_IDENTIFIER = gamaTellez.LDStorymakersAppUITests;
				PRODUCT_NAME = "$(TARGET_NAME)";
				SWIFT_VERSION = 3.0;
				TEST_TARGET_NAME = LDStorymakersApp;
			};
			name = Release;
		};
/* End XCBuildConfiguration section */

/* Begin XCConfigurationList section */
		87A29C471DD3FDA300DA0FA6 /* Build configuration list for PBXProject "LDStoryMakersRealDeal" */ = {
			isa = XCConfigurationList;
			buildConfigurations = (
				87A29C751DD3FDA300DA0FA6 /* Debug */,
				87A29C761DD3FDA300DA0FA6 /* Release */,
			);
			defaultConfigurationIsVisible = 0;
			defaultConfigurationName = Release;
		};
		87A29C771DD3FDA300DA0FA6 /* Build configuration list for PBXNativeTarget "LDStorymakersApp" */ = {
			isa = XCConfigurationList;
			buildConfigurations = (
				87A29C781DD3FDA300DA0FA6 /* Debug */,
				87A29C791DD3FDA300DA0FA6 /* Release */,
			);
			defaultConfigurationIsVisible = 0;
			defaultConfigurationName = Release;
		};
		87A29C7A1DD3FDA300DA0FA6 /* Build configuration list for PBXNativeTarget "LDStorymakersAppTests" */ = {
			isa = XCConfigurationList;
			buildConfigurations = (
				87A29C7B1DD3FDA300DA0FA6 /* Debug */,
				87A29C7C1DD3FDA300DA0FA6 /* Release */,
			);
			defaultConfigurationIsVisible = 0;
			defaultConfigurationName = Release;
		};
		87A29C7D1DD3FDA300DA0FA6 /* Build configuration list for PBXNativeTarget "LDStorymakersAppUITests" */ = {
			isa = XCConfigurationList;
			buildConfigurations = (
				87A29C7E1DD3FDA300DA0FA6 /* Debug */,
				87A29C7F1DD3FDA300DA0FA6 /* Release */,
			);
			defaultConfigurationIsVisible = 0;
			defaultConfigurationName = Release;
		};
/* End XCConfigurationList section */

/* Begin XCVersionGroup section */
		87A29C561DD3FDA300DA0FA6 /* LDStorymakersApp.xcdatamodeld */ = {
			isa = XCVersionGroup;
			children = (
				87A29C571DD3FDA300DA0FA6 /* LDStorymakersApp.xcdatamodel */,
			);
			currentVersion = 87A29C571DD3FDA300DA0FA6 /* LDStorymakersApp.xcdatamodel */;
			path = LDStorymakersApp.xcdatamodeld;
			sourceTree = "<group>";
			versionGroupType = wrapper.xcdatamodel;
		};
/* End XCVersionGroup section */
	};
	rootObject = 87A29C441DD3FDA300DA0FA6 /* Project object */;
}
